
Microsoft Visual Studio Solution File, Format Version 12.00
# Visual Studio Version 17
VisualStudioVersion = 17.13.35919.96
MinimumVisualStudioVersion = 10.0.40219.1
Project("{FAE04EC0-301F-11D3-BF4B-00C04F79EFBC}") = "PTAPluginLoader", "PTAPluginLoader.csproj", "{A2515E08-0245-4049-9C12-0AE00BCF831F}"
EndProject
Global
	GlobalSection(SolutionConfigurationPlatforms) = preSolution
		Debug|Any CPU = Debug|Any CPU
		Release|Any CPU = Release|Any CPU
	EndGlobalSection
	GlobalSection(ProjectConfigurationPlatforms) = postSolution
		{A2515E08-0245-4049-9C12-0AE00BCF831F}.Debug|Any CPU.ActiveCfg = Debug|Any CPU
		{A2515E08-0245-4049-9C12-0AE00BCF831F}.Debug|Any CPU.Build.0 = Debug|Any CPU
		{A2515E08-0245-4049-9C12-0AE00BCF831F}.Release|Any CPU.ActiveCfg = Release|Any CPU
		{A2515E08-0245-4049-9C12-0AE00BCF831F}.Release|Any CPU.Build.0 = Release|Any CPU
	EndGlobalSection
	GlobalSection(SolutionProperties) = preSolution
		HideSolutionNode = FALSE
	EndGlobalSection
	GlobalSection(ExtensibilityGlobals) = postSolution
		SolutionGuid = {17FA2D8B-A810-403D-9D85-469812125953}
	EndGlobalSection
EndGlobal
